
Microsoft Visual Studio Solution File, Format Version 12.00
# Visual Studio 14
VisualStudioVersion = 14.0.25420.1
MinimumVisualStudioVersion = 10.0.40219.1
Project("{FAE04EC0-301F-11D3-BF4B-00C04F79EFBC}") = "ARGDisplayer", "ARGDisplayer\ARGDisplayer.csproj", "{EADDEC26-DD88-4BBC-B8CE-BFDD21366127}"
EndProject
Project("{FAE04EC0-301F-11D3-BF4B-00C04F79EFBC}") = "CM3D2x64_Launcher", "CM3D2x64_Launcher\CM3D2x64_Launcher.csproj", "{EBBE959E-8539-4B57-96C8-C2FC75C4FE82}"
EndProject
Project("{2150E333-8FDC-42A3-9474-1A3956D46DE8}") = "AppVeyor", "AppVeyor", "{28F6F386-558D-44FD-8A74-6F4EF427BA26}"
	ProjectSection(SolutionItems) = preProject
		appveyor.yml = appveyor.yml
	EndProjectSection
EndProject
Project("{2150E333-8FDC-42A3-9474-1A3956D46DE8}") = "Github Items", "Github Items", "{2914B5B8-7ABE-4ECA-89DC-A4EBF14ABBDB}"
	ProjectSection(SolutionItems) = preProject
		.gitattributes = .gitattributes
		.gitignore = .gitignore
		LICENSE = LICENSE
		README.md = README.md
	EndProjectSection
EndProject
Project("{FAE04EC0-301F-11D3-BF4B-00C04F79EFBC}") = "ArLib.Logger", "ArLib.Logger\ArLib.Logger.csproj", "{2034B29C-7222-4BF4-90DC-B1759887BE45}"
EndProject
Project("{FAE04EC0-301F-11D3-BF4B-00C04F79EFBC}") = "ArLib.LibTestApp", "ArLib.LibTestApp\ArLib.LibTestApp.csproj", "{D8AF3397-9DF5-4254-ACB6-A874039E4988}"
EndProject
Global
	GlobalSection(SolutionConfigurationPlatforms) = preSolution
		Debug|Any CPU = Debug|Any CPU
		Debug|x64 = Debug|x64
		Debug|x86 = Debug|x86
		Release|Any CPU = Release|Any CPU
		Release|x64 = Release|x64
		Release|x86 = Release|x86
	EndGlobalSection
	GlobalSection(ProjectConfigurationPlatforms) = postSolution
		{EADDEC26-DD88-4BBC-B8CE-BFDD21366127}.Debug|Any CPU.ActiveCfg = Debug|Any CPU
		{EADDEC26-DD88-4BBC-B8CE-BFDD21366127}.Debug|Any CPU.Build.0 = Debug|Any CPU
		{EADDEC26-DD88-4BBC-B8CE-BFDD21366127}.Debug|x64.ActiveCfg = Debug|x64
		{EADDEC26-DD88-4BBC-B8CE-BFDD21366127}.Debug|x64.Build.0 = Debug|x64
		{EADDEC26-DD88-4BBC-B8CE-BFDD21366127}.Debug|x86.ActiveCfg = Debug|Any CPU
		{EADDEC26-DD88-4BBC-B8CE-BFDD21366127}.Debug|x86.Build.0 = Debug|Any CPU
		{EADDEC26-DD88-4BBC-B8CE-BFDD21366127}.Release|Any CPU.ActiveCfg = Release|Any CPU
		{EADDEC26-DD88-4BBC-B8CE-BFDD21366127}.Release|Any CPU.Build.0 = Release|Any CPU
		{EADDEC26-DD88-4BBC-B8CE-BFDD21366127}.Release|x64.ActiveCfg = Release|x64
		{EADDEC26-DD88-4BBC-B8CE-BFDD21366127}.Release|x64.Build.0 = Release|x64
		{EADDEC26-DD88-4BBC-B8CE-BFDD21366127}.Release|x86.ActiveCfg = Release|Any CPU
		{EADDEC26-DD88-4BBC-B8CE-BFDD21366127}.Release|x86.Build.0 = Release|Any CPU
		{EBBE959E-8539-4B57-96C8-C2FC75C4FE82}.Debug|Any CPU.ActiveCfg = Debug|Any CPU
		{EBBE959E-8539-4B57-96C8-C2FC75C4FE82}.Debug|Any CPU.Build.0 = Debug|Any CPU
		{EBBE959E-8539-4B57-96C8-C2FC75C4FE82}.Debug|x64.ActiveCfg = Debug|Any CPU
		{EBBE959E-8539-4B57-96C8-C2FC75C4FE82}.Debug|x64.Build.0 = Debug|Any CPU
		{EBBE959E-8539-4B57-96C8-C2FC75C4FE82}.Debug|x86.ActiveCfg = Debug|Any CPU
		{EBBE959E-8539-4B57-96C8-C2FC75C4FE82}.Debug|x86.Build.0 = Debug|Any CPU
		{EBBE959E-8539-4B57-96C8-C2FC75C4FE82}.Release|Any CPU.ActiveCfg = Release|Any CPU
		{EBBE959E-8539-4B57-96C8-C2FC75C4FE82}.Release|Any CPU.Build.0 = Release|Any CPU
		{EBBE959E-8539-4B57-96C8-C2FC75C4FE82}.Release|x64.ActiveCfg = Release|Any CPU
		{EBBE959E-8539-4B57-96C8-C2FC75C4FE82}.Release|x64.Build.0 = Release|Any CPU
		{EBBE959E-8539-4B57-96C8-C2FC75C4FE82}.Release|x86.ActiveCfg = Release|Any CPU
		{EBBE959E-8539-4B57-96C8-C2FC75C4FE82}.Release|x86.Build.0 = Release|Any CPU
		{2034B29C-7222-4BF4-90DC-B1759887BE45}.Debug|Any CPU.ActiveCfg = Debug|Any CPU
		{2034B29C-7222-4BF4-90DC-B1759887BE45}.Debug|Any CPU.Build.0 = Debug|Any CPU
		{2034B29C-7222-4BF4-90DC-B1759887BE45}.Debug|x64.ActiveCfg = Debug|Any CPU
		{2034B29C-7222-4BF4-90DC-B1759887BE45}.Debug|x64.Build.0 = Debug|Any CPU
		{2034B29C-7222-4BF4-90DC-B1759887BE45}.Debug|x86.ActiveCfg = Debug|Any CPU
		{2034B29C-7222-4BF4-90DC-B1759887BE45}.Debug|x86.Build.0 = Debug|Any CPU
		{2034B29C-7222-4BF4-90DC-B1759887BE45}.Release|Any CPU.ActiveCfg = Release|Any CPU
		{2034B29C-7222-4BF4-90DC-B1759887BE45}.Release|Any CPU.Build.0 = Release|Any CPU
		{2034B29C-7222-4BF4-90DC-B1759887BE45}.Release|x64.ActiveCfg = Release|Any CPU
		{2034B29C-7222-4BF4-90DC-B1759887BE45}.Release|x64.Build.0 = Release|Any CPU
		{2034B29C-7222-4BF4-90DC-B1759887BE45}.Release|x86.ActiveCfg = Release|Any CPU
		{2034B29C-7222-4BF4-90DC-B1759887BE45}.Release|x86.Build.0 = Release|Any CPU
		{D8AF3397-9DF5-4254-ACB6-A874039E4988}.Debug|Any CPU.ActiveCfg = Debug|Any CPU
		{D8AF3397-9DF5-4254-ACB6-A874039E4988}.Debug|Any CPU.Build.0 = Debug|Any CPU
		{D8AF3397-9DF5-4254-ACB6-A874039E4988}.Debug|x64.ActiveCfg = Debug|Any CPU
		{D8AF3397-9DF5-4254-ACB6-A874039E4988}.Debug|x64.Build.0 = Debug|Any CPU
		{D8AF3397-9DF5-4254-ACB6-A874039E4988}.Debug|x86.ActiveCfg = Debug|Any CPU
		{D8AF3397-9DF5-4254-ACB6-A874039E4988}.Debug|x86.Build.0 = Debug|Any CPU
		{D8AF3397-9DF5-4254-ACB6-A874039E4988}.Release|Any CPU.ActiveCfg = Release|Any CPU
		{D8AF3397-9DF5-4254-ACB6-A874039E4988}.Release|Any CPU.Build.0 = Release|Any CPU
		{D8AF3397-9DF5-4254-ACB6-A874039E4988}.Release|x64.ActiveCfg = Release|Any CPU
		{D8AF3397-9DF5-4254-ACB6-A874039E4988}.Release|x64.Build.0 = Release|Any CPU
		{D8AF3397-9DF5-4254-ACB6-A874039E4988}.Release|x86.ActiveCfg = Release|Any CPU
		{D8AF3397-9DF5-4254-ACB6-A874039E4988}.Release|x86.Build.0 = Release|Any CPU
	EndGlobalSection
	GlobalSection(SolutionProperties) = preSolution
		HideSolutionNode = FALSE
	EndGlobalSection
EndGlobal
